{
  "lib/forge-std": {
    "tag": {
      "name": "v1.15.0",
      "rev": "0844d7e1fc5e60d77b68e469bff60265f236c398"
    }
  },
  "lib/openzeppelin-contracts": {
    "tag": {
      "name": "v4.4.2",
      "rev": "b53c43242fc9c0e435b66178c3847c4a1b417cc1"
    }
  },
  "lib/openzeppelin-contracts-upgradeable": {
    "tag": {
      "name": "v4.5.2",
      "rev": "1e5e9b0fec1248cff2131425655ead33483f5164"
    }
  }
}